
Microsoft Visual Studio Solution File, Format Version 12.00
# Visual Studio Version 16
VisualStudioVersion = 16.0.32630.194
MinimumVisualStudioVersion = 10.0.40219.1
Project("{8BC9CEB8-8B4A-11D0-8D11-00A0C91BC942}") = "GLFWx64Project", "GLFWx64Project.vcxproj", "{A8BDFCD5-A55A-428A-8EDB-71BD8F574BBC}"
EndProject
Global
	GlobalSection(SolutionConfigurationPlatforms) = preSolution
		Debug|x64 = Debug|x64
		Debug|x86 = Debug|x86
		Release|x64 = Release|x64
		Release|x86 = Release|x86
	EndGlobalSection
	GlobalSection(ProjectConfigurationPlatforms) = postSolution
		{A8BDFCD5-A55A-428A-8EDB-71BD8F574BBC}.Debug|x64.ActiveCfg = Debug|x64
		{A8BDFCD5-A55A-428A-8EDB-71BD8F574BBC}.Debug|x64.Build.0 = Debug|x64
		{A8BDFCD5-A55A-428A-8EDB-71BD8F574BBC}.Debug|x86.ActiveCfg = Debug|x64
		{A8BDFCD5-A55A-428A-8EDB-71BD8F574BBC}.Debug|x86.Build.0 = Debug|x64
		{A8BDFCD5-A55A-428A-8EDB-71BD8F574BBC}.Release|x64.ActiveCfg = Release|x64
		{A8BDFCD5-A55A-428A-8EDB-71BD8F574BBC}.Release|x64.Build.0 = Release|x64
		{A8BDFCD5-A55A-428A-8EDB-71BD8F574BBC}.Release|x86.ActiveCfg = Release|Win32
		{A8BDFCD5-A55A-428A-8EDB-71BD8F574BBC}.Release|x86.Build.0 = Release|Win32
	EndGlobalSection
	GlobalSection(SolutionProperties) = preSolution
		HideSolutionNode = FALSE
	EndGlobalSection
	GlobalSection(ExtensibilityGlobals) = postSolution
		SolutionGuid = {5BBBB263-3CA9-4C29-A44D-D2569187056C}
	EndGlobalSection
EndGlobal
